
Microsoft Visual Studio Solution File, Format Version 12.00
# Visual Studio Version 16
VisualStudioVersion = 16.0.31205.134
MinimumVisualStudioVersion = 10.0.40219.1
Project("{9A19103F-16F7-4668-BE54-9A1E7A4F7556}") = "CountingInversions", "CountingInversions\CountingInversions.csproj", "{71B23A63-94DB-446B-B3D4-6BA0C24E7140}"
EndProject
Project("{FAE04EC0-301F-11D3-BF4B-00C04F79EFBC}") = "FindMissingNumber", "FindMissingNumber\FindMissingNumber.csproj", "{15DBA1DF-5326-43EF-BE93-1A89870105E4}"
EndProject
Project("{FAE04EC0-301F-11D3-BF4B-00C04F79EFBC}") = "LargestSumContiguousSubarray", "LargestSumContiguousSubarray\LargestSumContiguousSubarray.csproj", "{9B9A3376-D20B-4D41-BB2D-A430AD2FB24C}"
EndProject
Project("{FAE04EC0-301F-11D3-BF4B-00C04F79EFBC}") = "LeadersInAnArray", "LeadersInAnArray\LeadersInAnArray.csproj", "{375EAAEE-98D9-49A5-AC28-AB0B0E0D39A3}"
EndProject
Global
	GlobalSection(SolutionConfigurationPlatforms) = preSolution
		Debug|Any CPU = Debug|Any CPU
		Release|Any CPU = Release|Any CPU
	EndGlobalSection
	GlobalSection(ProjectConfigurationPlatforms) = postSolution
		{71B23A63-94DB-446B-B3D4-6BA0C24E7140}.Debug|Any CPU.ActiveCfg = Debug|Any CPU
		{71B23A63-94DB-446B-B3D4-6BA0C24E7140}.Debug|Any CPU.Build.0 = Debug|Any CPU
		{71B23A63-94DB-446B-B3D4-6BA0C24E7140}.Release|Any CPU.ActiveCfg = Release|Any CPU
		{71B23A63-94DB-446B-B3D4-6BA0C24E7140}.Release|Any CPU.Build.0 = Release|Any CPU
		{15DBA1DF-5326-43EF-BE93-1A89870105E4}.Debug|Any CPU.ActiveCfg = Debug|Any CPU
		{15DBA1DF-5326-43EF-BE93-1A89870105E4}.Debug|Any CPU.Build.0 = Debug|Any CPU
		{15DBA1DF-5326-43EF-BE93-1A89870105E4}.Release|Any CPU.ActiveCfg = Release|Any CPU
		{15DBA1DF-5326-43EF-BE93-1A89870105E4}.Release|Any CPU.Build.0 = Release|Any CPU
		{9B9A3376-D20B-4D41-BB2D-A430AD2FB24C}.Debug|Any CPU.ActiveCfg = Debug|Any CPU
		{9B9A3376-D20B-4D41-BB2D-A430AD2FB24C}.Debug|Any CPU.Build.0 = Debug|Any CPU
		{9B9A3376-D20B-4D41-BB2D-A430AD2FB24C}.Release|Any CPU.ActiveCfg = Release|Any CPU
		{9B9A3376-D20B-4D41-BB2D-A430AD2FB24C}.Release|Any CPU.Build.0 = Release|Any CPU
		{375EAAEE-98D9-49A5-AC28-AB0B0E0D39A3}.Debug|Any CPU.ActiveCfg = Debug|Any CPU
		{375EAAEE-98D9-49A5-AC28-AB0B0E0D39A3}.Debug|Any CPU.Build.0 = Debug|Any CPU
		{375EAAEE-98D9-49A5-AC28-AB0B0E0D39A3}.Release|Any CPU.ActiveCfg = Release|Any CPU
		{375EAAEE-98D9-49A5-AC28-AB0B0E0D39A3}.Release|Any CPU.Build.0 = Release|Any CPU
	EndGlobalSection
	GlobalSection(SolutionProperties) = preSolution
		HideSolutionNode = FALSE
	EndGlobalSection
	GlobalSection(ExtensibilityGlobals) = postSolution
		SolutionGuid = {47F10372-6E0C-4E58-8C67-CC3E19045619}
	EndGlobalSection
EndGlobal
